
Microsoft Visual Studio Solution File, Format Version 12.00
# Visual Studio Version 17
VisualStudioVersion = 17.3.32811.315
MinimumVisualStudioVersion = 10.0.40219.1
Project("{9A19103F-16F7-4668-BE54-9A1E7A4F7556}") = "Frir", "Frir.csproj", "{ECAD2273-E1CD-4E69-B20A-AB1F188A3498}"
EndProject
Global
	GlobalSection(SolutionConfigurationPlatforms) = preSolution
		Debug|Any CPU = Debug|Any CPU
		Release|Any CPU = Release|Any CPU
	EndGlobalSection
	GlobalSection(ProjectConfigurationPlatforms) = postSolution
		{ECAD2273-E1CD-4E69-B20A-AB1F188A3498}.Debug|Any CPU.ActiveCfg = Debug|Any CPU
		{ECAD2273-E1CD-4E69-B20A-AB1F188A3498}.Debug|Any CPU.Build.0 = Debug|Any CPU
		{ECAD2273-E1CD-4E69-B20A-AB1F188A3498}.Release|Any CPU.ActiveCfg = Release|Any CPU
		{ECAD2273-E1CD-4E69-B20A-AB1F188A3498}.Release|Any CPU.Build.0 = Release|Any CPU
	EndGlobalSection
	GlobalSection(SolutionProperties) = preSolution
		HideSolutionNode = FALSE
	EndGlobalSection
	GlobalSection(ExtensibilityGlobals) = postSolution
		SolutionGuid = {258615C8-B7D5-4586-A691-6141BC0C25DB}
	EndGlobalSection
EndGlobal
